
Microsoft Visual Studio Solution File, Format Version 12.00
# Visual Studio 15
VisualStudioVersion = 15.0.26730.12
MinimumVisualStudioVersion = 10.0.40219.1
Project("{FAE04EC0-301F-11D3-BF4B-00C04F79EFBC}") = "BAirway", "BAirway\BAirway.csproj", "{425AB1F0-A3C9-44E7-84A8-B6C8A958D600}"
EndProject
Project("{FAE04EC0-301F-11D3-BF4B-00C04F79EFBC}") = "BAW.Utils", "BAW.Utils\BAW.Utils.csproj", "{99F44E62-155C-4772-918D-243C844D4C21}"
EndProject
Project("{FAE04EC0-301F-11D3-BF4B-00C04F79EFBC}") = "BAW.Dao", "BAW.Dao\BAW.Dao.csproj", "{669A86FA-E2A7-4EFB-AA1E-453B1E5E6ACA}"
EndProject
Project("{FAE04EC0-301F-11D3-BF4B-00C04F79EFBC}") = "BAW.Model", "BAW.Model\BAW.Model.csproj", "{018E828C-20DF-4C37-98D4-C63ACECCFE67}"
EndProject
Project("{FAE04EC0-301F-11D3-BF4B-00C04F79EFBC}") = "BAW.Biz", "BAW.Biz\BAW.Biz.csproj", "{6D8FC140-2A1B-4A6C-8360-B60DC8DD71EC}"
EndProject
Project("{FAE04EC0-301F-11D3-BF4B-00C04F79EFBC}") = "BAW.TransferDailyTransaction", "BAW.TransferDailyTransaction\BAW.TransferDailyTransaction.csproj", "{466AA1E0-A583-4C49-92D9-E57C26B19A24}"
EndProject
Project("{2150E333-8FDC-42A3-9474-1A3956D46DE8}") = ".nuget", ".nuget", "{D45582CB-6E5A-49F5-8F6B-85DCDC756C4D}"
	ProjectSection(SolutionItems) = preProject
		.nuget\NuGet.Config = .nuget\NuGet.Config
		.nuget\NuGet.exe = .nuget\NuGet.exe
		.nuget\NuGet.targets = .nuget\NuGet.targets
	EndProjectSection
EndProject
Global
	GlobalSection(SolutionConfigurationPlatforms) = preSolution
		Debug|Any CPU = Debug|Any CPU
		Release|Any CPU = Release|Any CPU
	EndGlobalSection
	GlobalSection(ProjectConfigurationPlatforms) = postSolution
		{425AB1F0-A3C9-44E7-84A8-B6C8A958D600}.Debug|Any CPU.ActiveCfg = Debug|x64
		{425AB1F0-A3C9-44E7-84A8-B6C8A958D600}.Debug|Any CPU.Build.0 = Debug|x64
		{425AB1F0-A3C9-44E7-84A8-B6C8A958D600}.Release|Any CPU.ActiveCfg = Release|x64
		{425AB1F0-A3C9-44E7-84A8-B6C8A958D600}.Release|Any CPU.Build.0 = Release|x64
		{99F44E62-155C-4772-918D-243C844D4C21}.Debug|Any CPU.ActiveCfg = Debug|Any CPU
		{99F44E62-155C-4772-918D-243C844D4C21}.Debug|Any CPU.Build.0 = Debug|Any CPU
		{99F44E62-155C-4772-918D-243C844D4C21}.Release|Any CPU.ActiveCfg = Release|Any CPU
		{99F44E62-155C-4772-918D-243C844D4C21}.Release|Any CPU.Build.0 = Release|Any CPU
		{669A86FA-E2A7-4EFB-AA1E-453B1E5E6ACA}.Debug|Any CPU.ActiveCfg = Debug|Any CPU
		{669A86FA-E2A7-4EFB-AA1E-453B1E5E6ACA}.Debug|Any CPU.Build.0 = Debug|Any CPU
		{669A86FA-E2A7-4EFB-AA1E-453B1E5E6ACA}.Release|Any CPU.ActiveCfg = Release|Any CPU
		{669A86FA-E2A7-4EFB-AA1E-453B1E5E6ACA}.Release|Any CPU.Build.0 = Release|Any CPU
		{018E828C-20DF-4C37-98D4-C63ACECCFE67}.Debug|Any CPU.ActiveCfg = Debug|Any CPU
		{018E828C-20DF-4C37-98D4-C63ACECCFE67}.Debug|Any CPU.Build.0 = Debug|Any CPU
		{018E828C-20DF-4C37-98D4-C63ACECCFE67}.Release|Any CPU.ActiveCfg = Release|Any CPU
		{018E828C-20DF-4C37-98D4-C63ACECCFE67}.Release|Any CPU.Build.0 = Release|Any CPU
		{6D8FC140-2A1B-4A6C-8360-B60DC8DD71EC}.Debug|Any CPU.ActiveCfg = Debug|Any CPU
		{6D8FC140-2A1B-4A6C-8360-B60DC8DD71EC}.Debug|Any CPU.Build.0 = Debug|Any CPU
		{6D8FC140-2A1B-4A6C-8360-B60DC8DD71EC}.Release|Any CPU.ActiveCfg = Release|Any CPU
		{6D8FC140-2A1B-4A6C-8360-B60DC8DD71EC}.Release|Any CPU.Build.0 = Release|Any CPU
		{466AA1E0-A583-4C49-92D9-E57C26B19A24}.Debug|Any CPU.ActiveCfg = Debug|x86
		{466AA1E0-A583-4C49-92D9-E57C26B19A24}.Release|Any CPU.ActiveCfg = Release|x86
	EndGlobalSection
	GlobalSection(SolutionProperties) = preSolution
		HideSolutionNode = FALSE
	EndGlobalSection
	GlobalSection(ExtensibilityGlobals) = postSolution
		SolutionGuid = {3FD3B0DA-1E2A-4E9D-9484-A719057D3BC4}
	EndGlobalSection
	GlobalSection(SubversionScc) = preSolution
		Svn-Managed = True
		Manager = AnkhSVN - Subversion Support for Visual Studio
	EndGlobalSection
EndGlobal
